
Microsoft Visual Studio Solution File, Format Version 12.00
# Visual Studio Version 17
VisualStudioVersion = 17.8.34525.116
MinimumVisualStudioVersion = 10.0.40219.1
Project("{FAE04EC0-301F-11D3-BF4B-00C04F79EFBC}") = "InsertarClienteDapper", "InsertarClienteDapper\InsertarClienteDapper.csproj", "{E6D7DFC1-9A16-4AAE-86E4-DBFD0799BA82}"
EndProject
Project("{FAE04EC0-301F-11D3-BF4B-00C04F79EFBC}") = "AccesoDatos", "AccesoDatos\AccesoDatos.csproj", "{AC7A1DFE-2D46-4493-88AE-FB21211FE1D6}"
EndProject
Global
	GlobalSection(SolutionConfigurationPlatforms) = preSolution
		Debug|Any CPU = Debug|Any CPU
		Release|Any CPU = Release|Any CPU
	EndGlobalSection
	GlobalSection(ProjectConfigurationPlatforms) = postSolution
		{E6D7DFC1-9A16-4AAE-86E4-DBFD0799BA82}.Debug|Any CPU.ActiveCfg = Debug|Any CPU
		{E6D7DFC1-9A16-4AAE-86E4-DBFD0799BA82}.Debug|Any CPU.Build.0 = Debug|Any CPU
		{E6D7DFC1-9A16-4AAE-86E4-DBFD0799BA82}.Release|Any CPU.ActiveCfg = Release|Any CPU
		{E6D7DFC1-9A16-4AAE-86E4-DBFD0799BA82}.Release|Any CPU.Build.0 = Release|Any CPU
		{AC7A1DFE-2D46-4493-88AE-FB21211FE1D6}.Debug|Any CPU.ActiveCfg = Debug|Any CPU
		{AC7A1DFE-2D46-4493-88AE-FB21211FE1D6}.Debug|Any CPU.Build.0 = Debug|Any CPU
		{AC7A1DFE-2D46-4493-88AE-FB21211FE1D6}.Release|Any CPU.ActiveCfg = Release|Any CPU
		{AC7A1DFE-2D46-4493-88AE-FB21211FE1D6}.Release|Any CPU.Build.0 = Release|Any CPU
	EndGlobalSection
	GlobalSection(SolutionProperties) = preSolution
		HideSolutionNode = FALSE
	EndGlobalSection
	GlobalSection(ExtensibilityGlobals) = postSolution
		SolutionGuid = {7AD9A670-6265-4F42-8810-CD70E22C4032}
	EndGlobalSection
EndGlobal
